// !$*UTF8*$!
{
	archiveVersion = 1;
	classes = {
	};
	objectVersion = 50;
	objects = {

/* Begin PBXBuildFile section */
		885F5ECA20FC9FE00075342E /* NotesShared.framework in Frameworks */ = {isa = PBXBuildFile; fileRef = 885F5EC920FC9FE00075342E /* NotesShared.framework */; };
		885F5ECC20FC9FE00075342E /* NotesShared.framework in Frameworks */ = {isa = PBXBuildFile; fileRef = 885F5ECB20FC9FE00075342E /* NotesShared.framework */; };
		885F5ED120FCB6AD0075342E /* ReadMe.md in Resources */ = {isa = PBXBuildFile; fileRef = 885F5ED020FCB6AD0075342E /* ReadMe.md */; };
		885F5ED320FCBDC00075342E /* SwiftyJSON.framework in Frameworks */ = {isa = PBXBuildFile; fileRef = 885F5ED220FCBDC00075342E /* SwiftyJSON.framework */; };
		885F5F0720FCC0DE0075342E /* GapstaffShared.framework in Frameworks */ = {isa = PBXBuildFile; fileRef = 885F5F0620FCC0DE0075342E /* GapstaffShared.framework */; };
		88ADFBEF20FC77E60011B63E /* AppDelegate.swift in Sources */ = {isa = PBXBuildFile; fileRef = 88ADFBEE20FC77E60011B63E /* AppDelegate.swift */; };
		88ADFBF120FC77E60011B63E /* ViewController.swift in Sources */ = {isa = PBXBuildFile; fileRef = 88ADFBF020FC77E60011B63E /* ViewController.swift */; };
		88ADFBF420FC77E60011B63E /* Main.storyboard in Resources */ = {isa = PBXBuildFile; fileRef = 88ADFBF220FC77E60011B63E /* Main.storyboard */; };
		88ADFBF620FC77E80011B63E /* Assets.xcassets in Resources */ = {isa = PBXBuildFile; fileRef = 88ADFBF520FC77E80011B63E /* Assets.xcassets */; };
		88ADFBF920FC77E80011B63E /* LaunchScreen.storyboard in Resources */ = {isa = PBXBuildFile; fileRef = 88ADFBF720FC77E80011B63E /* LaunchScreen.storyboard */; };
		AFBB4B1A16C0128D454F00A2 /* Pods_NotesApp.framework in Frameworks */ = {isa = PBXBuildFile; fileRef = A954AB7B956A34C81B3BD256 /* Pods_NotesApp.framework */; };
/* End PBXBuildFile section */

/* Begin PBXFileReference section */
		0BEE5575FF649CC2EE095FF5 /* Pods-NotesApp.release.xcconfig */ = {isa = PBXFileReference; includeInIndex = 1; lastKnownFileType = text.xcconfig; name = "Pods-NotesApp.release.xcconfig"; path = "../Pods/Target Support Files/Pods-NotesApp/Pods-NotesApp.release.xcconfig"; sourceTree = "<group>"; };
		575CFD62E3C5F8DAF11CB59A /* Pods-NotesApp.debug.xcconfig */ = {isa = PBXFileReference; includeInIndex = 1; lastKnownFileType = text.xcconfig; name = "Pods-NotesApp.debug.xcconfig"; path = "../Pods/Target Support Files/Pods-NotesApp/Pods-NotesApp.debug.xcconfig"; sourceTree = "<group>"; };
		885F5EBE20FC9EAB0075342E /* NotesShared.framework */ = {isa = PBXFileReference; explicitFileType = wrapper.framework; path = NotesShared.framework; sourceTree = BUILT_PRODUCTS_DIR; };
		885F5EC920FC9FE00075342E /* NotesShared.framework */ = {isa = PBXFileReference; explicitFileType = wrapper.framework; path = NotesShared.framework; sourceTree = BUILT_PRODUCTS_DIR; };
		885F5ECB20FC9FE00075342E /* NotesShared.framework */ = {isa = PBXFileReference; explicitFileType = wrapper.framework; path = NotesShared.framework; sourceTree = BUILT_PRODUCTS_DIR; };
		885F5ED020FCB6AD0075342E /* ReadMe.md */ = {isa = PBXFileReference; lastKnownFileType = net.daringfireball.markdown; name = ReadMe.md; path = ../ReadMe.md; sourceTree = "<group>"; };
		885F5ED220FCBDC00075342E /* SwiftyJSON.framework */ = {isa = PBXFileReference; explicitFileType = wrapper.framework; path = SwiftyJSON.framework; sourceTree = BUILT_PRODUCTS_DIR; };
		885F5F0620FCC0DE0075342E /* GapstaffShared.framework */ = {isa = PBXFileReference; explicitFileType = wrapper.framework; path = GapstaffShared.framework; sourceTree = BUILT_PRODUCTS_DIR; };
		88ADFBEB20FC77E60011B63E /* NotesApp.app */ = {isa = PBXFileReference; explicitFileType = wrapper.application; includeInIndex = 0; path = NotesApp.app; sourceTree = BUILT_PRODUCTS_DIR; };
		88ADFBEE20FC77E60011B63E /* AppDelegate.swift */ = {isa = PBXFileReference; lastKnownFileType = sourcecode.swift; path = AppDelegate.swift; sourceTree = "<group>"; };
		88ADFBF020FC77E60011B63E /* ViewController.swift */ = {isa = PBXFileReference; lastKnownFileType = sourcecode.swift; path = ViewController.swift; sourceTree = "<group>"; };
		88ADFBF320FC77E60011B63E /* Base */ = {isa = PBXFileReference; lastKnownFileType = file.storyboard; name = Base; path = Base.lproj/Main.storyboard; sourceTree = "<group>"; };
		88ADFBF520FC77E80011B63E /* Assets.xcassets */ = {isa = PBXFileReference; lastKnownFileType = folder.assetcatalog; path = Assets.xcassets; sourceTree = "<group>"; };
		88ADFBF820FC77E80011B63E /* Base */ = {isa = PBXFileReference; lastKnownFileType = file.storyboard; name = Base; path = Base.lproj/LaunchScreen.storyboard; sourceTree = "<group>"; };
		88ADFBFA20FC77E80011B63E /* Info.plist */ = {isa = PBXFileReference; lastKnownFileType = text.plist.xml; path = Info.plist; sourceTree = "<group>"; };
		A954AB7B956A34C81B3BD256 /* Pods_NotesApp.framework */ = {isa = PBXFileReference; explicitFileType = wrapper.framework; includeInIndex = 0; path = Pods_NotesApp.framework; sourceTree = BUILT_PRODUCTS_DIR; };
/* End PBXFileReference section */

/* Begin PBXFrameworksBuildPhase section */
		88ADFBE820FC77E60011B63E /* Frameworks */ = {
			isa = PBXFrameworksBuildPhase;
			buildActionMask = 2147483647;
			files = (
				885F5F0720FCC0DE0075342E /* GapstaffShared.framework in Frameworks */,
				885F5ED320FCBDC00075342E /* SwiftyJSON.framework in Frameworks */,
				885F5ECA20FC9FE00075342E /* NotesShared.framework in Frameworks */,
				885F5ECC20FC9FE00075342E /* NotesShared.framework in Frameworks */,
				AFBB4B1A16C0128D454F00A2 /* Pods_NotesApp.framework in Frameworks */,
			);
			runOnlyForDeploymentPostprocessing = 0;
		};
/* End PBXFrameworksBuildPhase section */

/* Begin PBXGroup section */
		885F5EBD20FC9EAB0075342E /* Frameworks */ = {
			isa = PBXGroup;
			children = (
				885F5F0620FCC0DE0075342E /* GapstaffShared.framework */,
				885F5ED220FCBDC00075342E /* SwiftyJSON.framework */,
				885F5EC920FC9FE00075342E /* NotesShared.framework */,
				885F5ECB20FC9FE00075342E /* NotesShared.framework */,
				885F5EBE20FC9EAB0075342E /* NotesShared.framework */,
				A954AB7B956A34C81B3BD256 /* Pods_NotesApp.framework */,
			);
			name = Frameworks;
			sourceTree = "<group>";
		};
		88ADFBE220FC77E60011B63E = {
			isa = PBXGroup;
			children = (
				885F5ED020FCB6AD0075342E /* ReadMe.md */,
				88ADFBED20FC77E60011B63E /* NotesApp */,
				88ADFBEC20FC77E60011B63E /* Products */,
				885F5EBD20FC9EAB0075342E /* Frameworks */,
				EC54FE46C51E13D4054461D2 /* Pods */,
			);
			sourceTree = "<group>";
		};
		88ADFBEC20FC77E60011B63E /* Products */ = {
			isa = PBXGroup;
			children = (
				88ADFBEB20FC77E60011B63E /* NotesApp.app */,
			);
			name = Products;
			sourceTree = "<group>";
		};
		88ADFBED20FC77E60011B63E /* NotesApp */ = {
			isa = PBXGroup;
			children = (
				88ADFBEE20FC77E60011B63E /* AppDelegate.swift */,
				88ADFBF020FC77E60011B63E /* ViewController.swift */,
				88ADFBF220FC77E60011B63E /* Main.storyboard */,
				88ADFBF520FC77E80011B63E /* Assets.xcassets */,
				88ADFBF720FC77E80011B63E /* LaunchScreen.storyboard */,
				88ADFBFA20FC77E80011B63E /* Info.plist */,
			);
			path = NotesApp;
			sourceTree = "<group>";
		};
		EC54FE46C51E13D4054461D2 /* Pods */ = {
			isa = PBXGroup;
			children = (
				575CFD62E3C5F8DAF11CB59A /* Pods-NotesApp.debug.xcconfig */,
				0BEE5575FF649CC2EE095FF5 /* Pods-NotesApp.release.xcconfig */,
			);
			name = Pods;
			sourceTree = "<group>";
		};
/* End PBXGroup section */

/* Begin PBXNativeTarget section */
		88ADFBEA20FC77E60011B63E /* NotesApp */ = {
			isa = PBXNativeTarget;
			buildConfigurationList = 88ADFBFD20FC77E80011B63E /* Build configuration list for PBXNativeTarget "NotesApp" */;
			buildPhases = (
				E6087927ADA07DBA1E7AF8BE /* [CP] Check Pods Manifest.lock */,
				88ADFBE720FC77E60011B63E /* Sources */,
				88ADFBE820FC77E60011B63E /* Frameworks */,
				88ADFBE920FC77E60011B63E /* Resources */,
				2FDDF694403A5CA02304362F /* [CP] Embed Pods Frameworks */,
			);
			buildRules = (
			);
			dependencies = (
			);
			name = NotesApp;
			productName = NotesApp;
			productReference = 88ADFBEB20FC77E60011B63E /* NotesApp.app */;
			productType = "com.apple.product-type.application";
		};
/* End PBXNativeTarget section */

/* Begin PBXProject section */
		88ADFBE320FC77E60011B63E /* Project object */ = {
			isa = PBXProject;
			attributes = {
				LastSwiftUpdateCheck = 0940;
				LastUpgradeCheck = 0940;
				ORGANIZATIONNAME = "Vasant Hugar";
				TargetAttributes = {
					88ADFBEA20FC77E60011B63E = {
						CreatedOnToolsVersion = 9.4.1;
					};
				};
			};
			buildConfigurationList = 88ADFBE620FC77E60011B63E /* Build configuration list for PBXProject "NotesApp" */;
			compatibilityVersion = "Xcode 9.3";
			developmentRegion = en;
			hasScannedForEncodings = 0;
			knownRegions = (
				en,
				Base,
			);
			mainGroup = 88ADFBE220FC77E60011B63E;
			productRefGroup = 88ADFBEC20FC77E60011B63E /* Products */;
			projectDirPath = "";
			projectRoot = "";
			targets = (
				88ADFBEA20FC77E60011B63E /* NotesApp */,
			);
		};
/* End PBXProject section */

/* Begin PBXResourcesBuildPhase section */
		88ADFBE920FC77E60011B63E /* Resources */ = {
			isa = PBXResourcesBuildPhase;
			buildActionMask = 2147483647;
			files = (
				88ADFBF920FC77E80011B63E /* LaunchScreen.storyboard in Resources */,
				88ADFBF620FC77E80011B63E /* Assets.xcassets in Resources */,
				885F5ED120FCB6AD0075342E /* ReadMe.md in Resources */,
				88ADFBF420FC77E60011B63E /* Main.storyboard in Resources */,
			);
			runOnlyForDeploymentPostprocessing = 0;
		};
/* End PBXResourcesBuildPhase section */

/* Begin PBXShellScriptBuildPhase section */
		2FDDF694403A5CA02304362F /* [CP] Embed Pods Frameworks */ = {
			isa = PBXShellScriptBuildPhase;
			buildActionMask = 2147483647;
			files = (
			);
			inputPaths = (
				"${SRCROOT}/../Pods/Target Support Files/Pods-NotesApp/Pods-NotesApp-frameworks.sh",
				"${BUILT_PRODUCTS_DIR}/SwiftyJSON/SwiftyJSON.framework",
			);
			name = "[CP] Embed Pods Frameworks";
			outputPaths = (
				"${TARGET_BUILD_DIR}/${FRAMEWORKS_FOLDER_PATH}/SwiftyJSON.framework",
			);
			runOnlyForDeploymentPostprocessing = 0;
			shellPath = /bin/sh;
			shellScript = "\"${SRCROOT}/../Pods/Target Support Files/Pods-NotesApp/Pods-NotesApp-frameworks.sh\"\n";
			showEnvVarsInLog = 0;
		};
		E6087927ADA07DBA1E7AF8BE /* [CP] Check Pods Manifest.lock */ = {
			isa = PBXShellScriptBuildPhase;
			buildActionMask = 2147483647;
			files = (
			);
			inputPaths = (
				"${PODS_PODFILE_DIR_PATH}/Podfile.lock",
				"${PODS_ROOT}/Manifest.lock",
			);
			name = "[CP] Check Pods Manifest.lock";
			outputPaths = (
				"$(DERIVED_FILE_DIR)/Pods-NotesApp-checkManifestLockResult.txt",
			);
			runOnlyForDeploymentPostprocessing = 0;
			shellPath = /bin/sh;
			shellScript = "diff \"${PODS_PODFILE_DIR_PATH}/Podfile.lock\" \"${PODS_ROOT}/Manifest.lock\" > /dev/null\nif [ $? != 0 ] ; then\n    # print error to STDERR\n    echo \"error: The sandbox is not in sync with the Podfile.lock. Run 'pod install' or update your CocoaPods installation.\" >&2\n    exit 1\nfi\n# This output is used by Xcode 'outputs' to avoid re-running this script phase.\necho \"SUCCESS\" > \"${SCRIPT_OUTPUT_FILE_0}\"\n";
			showEnvVarsInLog = 0;
		};
/* End PBXShellScriptBuildPhase section */

/* Begin PBXSourcesBuildPhase section */
		88ADFBE720FC77E60011B63E /* Sources */ = {
			isa = PBXSourcesBuildPhase;
			buildActionMask = 2147483647;
			files = (
				88ADFBF120FC77E60011B63E /* ViewController.swift in Sources */,
				88ADFBEF20FC77E60011B63E /* AppDelegate.swift in Sources */,
			);
			runOnlyForDeploymentPostprocessing = 0;
		};
/* End PBXSourcesBuildPhase section */

/* Begin PBXVariantGroup section */
		88ADFBF220FC77E60011B63E /* Main.storyboard */ = {
			isa = PBXVariantGroup;
			children = (
				88ADFBF320FC77E60011B63E /* Base */,
			);
			name = Main.storyboard;
			sourceTree = "<group>";
		};
		88ADFBF720FC77E80011B63E /* LaunchScreen.storyboard */ = {
			isa = PBXVariantGroup;
			children = (
				88ADFBF820FC77E80011B63E /* Base */,
			);
			name = LaunchScreen.storyboard;
			sourceTree = "<group>";
		};
/* End PBXVariantGroup section */

/* Begin XCBuildConfiguration section */
		88ADFBFB20FC77E80011B63E /* Debug */ = {
			isa = XCBuildConfiguration;
			buildSettings = {
				ALWAYS_SEARCH_USER_PATHS = NO;
				CLANG_ANALYZER_NONNULL = YES;
				CLANG_ANALYZER_NUMBER_OBJECT_CONVERSION = YES_AGGRESSIVE;
				CLANG_CXX_LANGUAGE_STANDARD = "gnu++14";
				CLANG_CXX_LIBRARY = "libc++";
				CLANG_ENABLE_MODULES = YES;
				CLANG_ENABLE_OBJC_ARC = YES;
				CLANG_ENABLE_OBJC_WEAK = YES;
				CLANG_WARN_BLOCK_CAPTURE_AUTORELEASING = YES;
				CLANG_WARN_BOOL_CONVERSION = YES;
				CLANG_WARN_COMMA = YES;
				CLANG_WARN_CONSTANT_CONVERSION = YES;
				CLANG_WARN_DEPRECATED_OBJC_IMPLEMENTATIONS = YES;
				CLANG_WARN_DIRECT_OBJC_ISA_USAGE = YES_ERROR;
				CLANG_WARN_DOCUMENTATION_COMMENTS = YES;
				CLANG_WARN_EMPTY_BODY = YES;
				CLANG_WARN_ENUM_CONVERSION = YES;
				CLANG_WARN_INFINITE_RECURSION = YES;
				CLANG_WARN_INT_CONVERSION = YES;
				CLANG_WARN_NON_LITERAL_NULL_CONVERSION = YES;
				CLANG_WARN_OBJC_IMPLICIT_RETAIN_SELF = YES;
				CLANG_WARN_OBJC_LITERAL_CONVERSION = YES;
				CLANG_WARN_OBJC_ROOT_CLASS = YES_ERROR;
				CLANG_WARN_RANGE_LOOP_ANALYSIS = YES;
				CLANG_WARN_STRICT_PROTOTYPES = YES;
				CLANG_WARN_SUSPICIOUS_MOVE = YES;
				CLANG_WARN_UNGUARDED_AVAILABILITY = YES_AGGRESSIVE;
				CLANG_WARN_UNREACHABLE_CODE = YES;
				CLANG_WARN__DUPLICATE_METHOD_MATCH = YES;
				CODE_SIGN_IDENTITY = "iPhone Developer";
				COPY_PHASE_STRIP = NO;
				DEBUG_INFORMATION_FORMAT = dwarf;
				ENABLE_STRICT_OBJC_MSGSEND = YES;
				ENABLE_TESTABILITY = YES;
				GCC_C_LANGUAGE_STANDARD = gnu11;
				GCC_DYNAMIC_NO_PIC = NO;
				GCC_NO_COMMON_BLOCKS = YES;
				GCC_OPTIMIZATION_LEVEL = 0;
				GCC_PREPROCESSOR_DEFINITIONS = (
					"DEBUG=1",
					"$(inherited)",
				);
				GCC_WARN_64_TO_32_BIT_CONVERSION = YES;
				GCC_WARN_ABOUT_RETURN_TYPE = YES_ERROR;
				GCC_WARN_UNDECLARED_SELECTOR = YES;
				GCC_WARN_UNINITIALIZED_AUTOS = YES_AGGRESSIVE;
				GCC_WARN_UNUSED_FUNCTION = YES;
				GCC_WARN_UNUSED_VARIABLE = YES;
				IPHONEOS_DEPLOYMENT_TARGET = 11.4;
				MTL_ENABLE_DEBUG_INFO = YES;
				ONLY_ACTIVE_ARCH = YES;
				SDKROOT = iphoneos;
				SWIFT_ACTIVE_COMPILATION_CONDITIONS = DEBUG;
				SWIFT_OPTIMIZATION_LEVEL = "-Onone";
			};
			name = Debug;
		};
		88ADFBFC20FC77E80011B63E /* Release */ = {
			isa = XCBuildConfiguration;
			buildSettings = {
				ALWAYS_SEARCH_USER_PATHS = NO;
				CLANG_ANALYZER_NONNULL = YES;
				CLANG_ANALYZER_NUMBER_OBJECT_CONVERSION = YES_AGGRESSIVE;
				CLANG_CXX_LANGUAGE_STANDARD = "gnu++14";
				CLANG_CXX_LIBRARY = "libc++";
				CLANG_ENABLE_MODULES = YES;
				CLANG_ENABLE_OBJC_ARC = YES;
				CLANG_ENABLE_OBJC_WEAK = YES;
				CLANG_WARN_BLOCK_CAPTURE_AUTORELEASING = YES;
				CLANG_WARN_BOOL_CONVERSION = YES;
				CLANG_WARN_COMMA = YES;
				CLANG_WARN_CONSTANT_CONVERSION = YES;
				CLANG_WARN_DEPRECATED_OBJC_IMPLEMENTATIONS = YES;
				CLANG_WARN_DIRECT_OBJC_ISA_USAGE = YES_ERROR;
				CLANG_WARN_DOCUMENTATION_COMMENTS = YES;
				CLANG_WARN_EMPTY_BODY = YES;
				CLANG_WARN_ENUM_CONVERSION = YES;
				CLANG_WARN_INFINITE_RECURSION = YES;
				CLANG_WARN_INT_CONVERSION = YES;
				CLANG_WARN_NON_LITERAL_NULL_CONVERSION = YES;
				CLANG_WARN_OBJC_IMPLICIT_RETAIN_SELF = YES;
				CLANG_WARN_OBJC_LITERAL_CONVERSION = YES;
				CLANG_WARN_OBJC_ROOT_CLASS = YES_ERROR;
				CLANG_WARN_RANGE_LOOP_ANALYSIS = YES;
				CLANG_WARN_STRICT_PROTOTYPES = YES;
				CLANG_WARN_SUSPICIOUS_MOVE = YES;
				CLANG_WARN_UNGUARDED_AVAILABILITY = YES_AGGRESSIVE;
				CLANG_WARN_UNREACHABLE_CODE = YES;
				CLANG_WARN__DUPLICATE_METHOD_MATCH = YES;
				CODE_SIGN_IDENTITY = "iPhone Developer";
				COPY_PHASE_STRIP = NO;
				DEBUG_INFORMATION_FORMAT = "dwarf-with-dsym";
				ENABLE_NS_ASSERTIONS = NO;
				ENABLE_STRICT_OBJC_MSGSEND = YES;
				GCC_C_LANGUAGE_STANDARD = gnu11;
				GCC_NO_COMMON_BLOCKS = YES;
				GCC_WARN_64_TO_32_BIT_CONVERSION = YES;
				GCC_WARN_ABOUT_RETURN_TYPE = YES_ERROR;
				GCC_WARN_UNDECLARED_SELECTOR = YES;
				GCC_WARN_UNINITIALIZED_AUTOS = YES_AGGRESSIVE;
				GCC_WARN_UNUSED_FUNCTION = YES;
				GCC_WARN_UNUSED_VARIABLE = YES;
				IPHONEOS_DEPLOYMENT_TARGET = 11.4;
				MTL_ENABLE_DEBUG_INFO = NO;
				SDKROOT = iphoneos;
				SWIFT_COMPILATION_MODE = wholemodule;
				SWIFT_OPTIMIZATION_LEVEL = "-O";
				VALIDATE_PRODUCT = YES;
			};
			name = Release;
		};
		88ADFBFE20FC77E80011B63E /* Debug */ = {
			isa = XCBuildConfiguration;
			baseConfigurationReference = 575CFD62E3C5F8DAF11CB59A /* Pods-NotesApp.debug.xcconfig */;
			buildSettings = {
				ASSETCATALOG_COMPILER_APPICON_NAME = AppIcon;
				CODE_SIGN_STYLE = Automatic;
				INFOPLIST_FILE = NotesApp/Info.plist;
				LD_RUNPATH_SEARCH_PATHS = (
					"$(inherited)",
					"@executable_path/Frameworks",
				);
				PRODUCT_BUNDLE_IDENTIFIER = com.vasant.unittest.NotesApp;
				PRODUCT_NAME = "$(TARGET_NAME)";
				SWIFT_VERSION = 4.0;
				TARGETED_DEVICE_FAMILY = "1,2";
			};
			name = Debug;
		};
		88ADFBFF20FC77E80011B63E /* Release */ = {
			isa = XCBuildConfiguration;
			baseConfigurationReference = 0BEE5575FF649CC2EE095FF5 /* Pods-NotesApp.release.xcconfig */;
			buildSettings = {
				ASSETCATALOG_COMPILER_APPICON_NAME = AppIcon;
				CODE_SIGN_STYLE = Automatic;
				INFOPLIST_FILE = NotesApp/Info.plist;
				LD_RUNPATH_SEARCH_PATHS = (
					"$(inherited)",
					"@executable_path/Frameworks",
				);
				PRODUCT_BUNDLE_IDENTIFIER = com.vasant.unittest.NotesApp;
				PRODUCT_NAME = "$(TARGET_NAME)";
				SWIFT_VERSION = 4.0;
				TARGETED_DEVICE_FAMILY = "1,2";
			};
			name = Release;
		};
/* End XCBuildConfiguration section */

/* Begin XCConfigurationList section */
		88ADFBE620FC77E60011B63E /* Build configuration list for PBXProject "NotesApp" */ = {
			isa = XCConfigurationList;
			buildConfigurations = (
				88ADFBFB20FC77E80011B63E /* Debug */,
				88ADFBFC20FC77E80011B63E /* Release */,
			);
			defaultConfigurationIsVisible = 0;
			defaultConfigurationName = Release;
		};
		88ADFBFD20FC77E80011B63E /* Build configuration list for PBXNativeTarget "NotesApp" */ = {
			isa = XCConfigurationList;
			buildConfigurations = (
				88ADFBFE20FC77E80011B63E /* Debug */,
				88ADFBFF20FC77E80011B63E /* Release */,
			);
			defaultConfigurationIsVisible = 0;
			defaultConfigurationName = Release;
		};
/* End XCConfigurationList section */
	};
	rootObject = 88ADFBE320FC77E60011B63E /* Project object */;
}
